
Microsoft Visual Studio Solution File, Format Version 12.00
# Visual Studio Version 17
VisualStudioVersion = 17.8.34330.188
MinimumVisualStudioVersion = 10.0.40219.1
Project("{9A19103F-16F7-4668-BE54-9A1E7A4F7556}") = "AppMVC", "AppMVC\AppMVC.csproj", "{DAC2A339-33DA-4CD1-A271-1CA6419DCA25}"
EndProject
Project("{9A19103F-16F7-4668-BE54-9A1E7A4F7556}") = "AppData", "AppData\AppData.csproj", "{CA318820-3F43-4393-9648-37682A8183F3}"
EndProject
Global
	GlobalSection(SolutionConfigurationPlatforms) = preSolution
		Debug|Any CPU = Debug|Any CPU
		Release|Any CPU = Release|Any CPU
	EndGlobalSection
	GlobalSection(ProjectConfigurationPlatforms) = postSolution
		{DAC2A339-33DA-4CD1-A271-1CA6419DCA25}.Debug|Any CPU.ActiveCfg = Debug|Any CPU
		{DAC2A339-33DA-4CD1-A271-1CA6419DCA25}.Debug|Any CPU.Build.0 = Debug|Any CPU
		{DAC2A339-33DA-4CD1-A271-1CA6419DCA25}.Release|Any CPU.ActiveCfg = Release|Any CPU
		{DAC2A339-33DA-4CD1-A271-1CA6419DCA25}.Release|Any CPU.Build.0 = Release|Any CPU
		{CA318820-3F43-4393-9648-37682A8183F3}.Debug|Any CPU.ActiveCfg = Debug|Any CPU
		{CA318820-3F43-4393-9648-37682A8183F3}.Debug|Any CPU.Build.0 = Debug|Any CPU
		{CA318820-3F43-4393-9648-37682A8183F3}.Release|Any CPU.ActiveCfg = Release|Any CPU
		{CA318820-3F43-4393-9648-37682A8183F3}.Release|Any CPU.Build.0 = Release|Any CPU
	EndGlobalSection
	GlobalSection(SolutionProperties) = preSolution
		HideSolutionNode = FALSE
	EndGlobalSection
	GlobalSection(ExtensibilityGlobals) = postSolution
		SolutionGuid = {8980F5B0-B853-4CAB-8B45-8F533AF48113}
	EndGlobalSection
EndGlobal
